
Microsoft Visual Studio Solution File, Format Version 12.00
# Visual Studio Version 16
VisualStudioVersion = 16.0.30225.117
MinimumVisualStudioVersion = 10.0.40219.1
Project("{FAE04EC0-301F-11D3-BF4B-00C04F79EFBC}") = "Dynamic_ModernUi", "Dynamic_ModernUi\Dynamic_ModernUi.csproj", "{8A213445-097E-4256-BE32-50C8FE78E77E}"
EndProject
Global
	GlobalSection(SolutionConfigurationPlatforms) = preSolution
		Debug|Any CPU = Debug|Any CPU
		Release|Any CPU = Release|Any CPU
	EndGlobalSection
	GlobalSection(ProjectConfigurationPlatforms) = postSolution
		{8A213445-097E-4256-BE32-50C8FE78E77E}.Debug|Any CPU.ActiveCfg = Debug|Any CPU
		{8A213445-097E-4256-BE32-50C8FE78E77E}.Debug|Any CPU.Build.0 = Debug|Any CPU
		{8A213445-097E-4256-BE32-50C8FE78E77E}.Release|Any CPU.ActiveCfg = Release|Any CPU
		{8A213445-097E-4256-BE32-50C8FE78E77E}.Release|Any CPU.Build.0 = Release|Any CPU
	EndGlobalSection
	GlobalSection(SolutionProperties) = preSolution
		HideSolutionNode = FALSE
	EndGlobalSection
	GlobalSection(ExtensibilityGlobals) = postSolution
		SolutionGuid = {81968274-A0B8-4815-AB84-14C63BA17BE5}
	EndGlobalSection
EndGlobal
